// !$*UTF8*$!
{
	archiveVersion = 1;
	classes = {
	};
	objectVersion = 50;
	objects = {

/* Begin PBXBuildFile section */
		8A56D34E21E7C0450021D0EF /* AppDelegate.swift in Sources */ = {isa = PBXBuildFile; fileRef = 8A56D34D21E7C0450021D0EF /* AppDelegate.swift */; };
		8A56D35021E7C0450021D0EF /* ViewController.swift in Sources */ = {isa = PBXBuildFile; fileRef = 8A56D34F21E7C0450021D0EF /* ViewController.swift */; };
		8A56D35321E7C0450021D0EF /* Main.storyboard in Resources */ = {isa = PBXBuildFile; fileRef = 8A56D35121E7C0450021D0EF /* Main.storyboard */; };
		8A56D35521E7C0480021D0EF /* Assets.xcassets in Resources */ = {isa = PBXBuildFile; fileRef = 8A56D35421E7C0480021D0EF /* Assets.xcassets */; };
		8A56D35821E7C0480021D0EF /* LaunchScreen.storyboard in Resources */ = {isa = PBXBuildFile; fileRef = 8A56D35621E7C0480021D0EF /* LaunchScreen.storyboard */; };
		8A56D36321E7C0480021D0EF /* RomanNumeralConverterTests.swift in Sources */ = {isa = PBXBuildFile; fileRef = 8A56D36221E7C0480021D0EF /* RomanNumeralConverterTests.swift */; };
/* End PBXBuildFile section */

/* Begin PBXContainerItemProxy section */
		8A56D35F21E7C0480021D0EF /* PBXContainerItemProxy */ = {
			isa = PBXContainerItemProxy;
			containerPortal = 8A56D34221E7C0450021D0EF /* Project object */;
			proxyType = 1;
			remoteGlobalIDString = 8A56D34921E7C0450021D0EF;
			remoteInfo = RomanNumeralConverter;
		};
/* End PBXContainerItemProxy section */

/* Begin PBXFileReference section */
		8A56D34A21E7C0450021D0EF /* RomanNumeralConverter.app */ = {isa = PBXFileReference; explicitFileType = wrapper.application; includeInIndex = 0; path = RomanNumeralConverter.app; sourceTree = BUILT_PRODUCTS_DIR; };
		8A56D34D21E7C0450021D0EF /* AppDelegate.swift */ = {isa = PBXFileReference; lastKnownFileType = sourcecode.swift; path = AppDelegate.swift; sourceTree = "<group>"; };
		8A56D34F21E7C0450021D0EF /* ViewController.swift */ = {isa = PBXFileReference; lastKnownFileType = sourcecode.swift; path = ViewController.swift; sourceTree = "<group>"; };
		8A56D35221E7C0450021D0EF /* Base */ = {isa = PBXFileReference; lastKnownFileType = file.storyboard; name = Base; path = Base.lproj/Main.storyboard; sourceTree = "<group>"; };
		8A56D35421E7C0480021D0EF /* Assets.xcassets */ = {isa = PBXFileReference; lastKnownFileType = folder.assetcatalog; path = Assets.xcassets; sourceTree = "<group>"; };
		8A56D35721E7C0480021D0EF /* Base */ = {isa = PBXFileReference; lastKnownFileType = file.storyboard; name = Base; path = Base.lproj/LaunchScreen.storyboard; sourceTree = "<group>"; };
		8A56D35921E7C0480021D0EF /* Info.plist */ = {isa = PBXFileReference; lastKnownFileType = text.plist.xml; path = Info.plist; sourceTree = "<group>"; };
		8A56D35E21E7C0480021D0EF /* RomanNumeralConverterTests.xctest */ = {isa = PBXFileReference; explicitFileType = wrapper.cfbundle; includeInIndex = 0; path = RomanNumeralConverterTests.xctest; sourceTree = BUILT_PRODUCTS_DIR; };
		8A56D36221E7C0480021D0EF /* RomanNumeralConverterTests.swift */ = {isa = PBXFileReference; lastKnownFileType = sourcecode.swift; path = RomanNumeralConverterTests.swift; sourceTree = "<group>"; };
		8A56D36421E7C0480021D0EF /* Info.plist */ = {isa = PBXFileReference; lastKnownFileType = text.plist.xml; path = Info.plist; sourceTree = "<group>"; };
/* End PBXFileReference section */

/* Begin PBXFrameworksBuildPhase section */
		8A56D34721E7C0450021D0EF /* Frameworks */ = {
			isa = PBXFrameworksBuildPhase;
			buildActionMask = 2147483647;
			files = (
			);
			runOnlyForDeploymentPostprocessing = 0;
		};
		8A56D35B21E7C0480021D0EF /* Frameworks */ = {
			isa = PBXFrameworksBuildPhase;
			buildActionMask = 2147483647;
			files = (
			);
			runOnlyForDeploymentPostprocessing = 0;
		};
/* End PBXFrameworksBuildPhase section */

/* Begin PBXGroup section */
		8A56D34121E7C0450021D0EF = {
			isa = PBXGroup;
			children = (
				8A56D34C21E7C0450021D0EF /* RomanNumeralConverter */,
				8A56D36121E7C0480021D0EF /* RomanNumeralConverterTests */,
				8A56D34B21E7C0450021D0EF /* Products */,
			);
			sourceTree = "<group>";
		};
		8A56D34B21E7C0450021D0EF /* Products */ = {
			isa = PBXGroup;
			children = (
				8A56D34A21E7C0450021D0EF /* RomanNumeralConverter.app */,
				8A56D35E21E7C0480021D0EF /* RomanNumeralConverterTests.xctest */,
			);
			name = Products;
			sourceTree = "<group>";
		};
		8A56D34C21E7C0450021D0EF /* RomanNumeralConverter */ = {
			isa = PBXGroup;
			children = (
				8A56D34D21E7C0450021D0EF /* AppDelegate.swift */,
				8A56D34F21E7C0450021D0EF /* ViewController.swift */,
				8A56D35121E7C0450021D0EF /* Main.storyboard */,
				8A56D35421E7C0480021D0EF /* Assets.xcassets */,
				8A56D35621E7C0480021D0EF /* LaunchScreen.storyboard */,
				8A56D35921E7C0480021D0EF /* Info.plist */,
			);
			path = RomanNumeralConverter;
			sourceTree = "<group>";
		};
		8A56D36121E7C0480021D0EF /* RomanNumeralConverterTests */ = {
			isa = PBXGroup;
			children = (
				8A56D36221E7C0480021D0EF /* RomanNumeralConverterTests.swift */,
				8A56D36421E7C0480021D0EF /* Info.plist */,
			);
			path = RomanNumeralConverterTests;
			sourceTree = "<group>";
		};
/* End PBXGroup section */

/* Begin PBXNativeTarget section */
		8A56D34921E7C0450021D0EF /* RomanNumeralConverter */ = {
			isa = PBXNativeTarget;
			buildConfigurationList = 8A56D36721E7C0480021D0EF /* Build configuration list for PBXNativeTarget "RomanNumeralConverter" */;
			buildPhases = (
				8A56D34621E7C0450021D0EF /* Sources */,
				8A56D34721E7C0450021D0EF /* Frameworks */,
				8A56D34821E7C0450021D0EF /* Resources */,
			);
			buildRules = (
			);
			dependencies = (
			);
			name = RomanNumeralConverter;
			productName = RomanNumeralConverter;
			productReference = 8A56D34A21E7C0450021D0EF /* RomanNumeralConverter.app */;
			productType = "com.apple.product-type.application";
		};
		8A56D35D21E7C0480021D0EF /* RomanNumeralConverterTests */ = {
			isa = PBXNativeTarget;
			buildConfigurationList = 8A56D36A21E7C0480021D0EF /* Build configuration list for PBXNativeTarget "RomanNumeralConverterTests" */;
			buildPhases = (
				8A56D35A21E7C0480021D0EF /* Sources */,
				8A56D35B21E7C0480021D0EF /* Frameworks */,
				8A56D35C21E7C0480021D0EF /* Resources */,
			);
			buildRules = (
			);
			dependencies = (
				8A56D36021E7C0480021D0EF /* PBXTargetDependency */,
			);
			name = RomanNumeralConverterTests;
			productName = RomanNumeralConverterTests;
			productReference = 8A56D35E21E7C0480021D0EF /* RomanNumeralConverterTests.xctest */;
			productType = "com.apple.product-type.bundle.unit-test";
		};
/* End PBXNativeTarget section */

/* Begin PBXProject section */
		8A56D34221E7C0450021D0EF /* Project object */ = {
			isa = PBXProject;
			attributes = {
				LastSwiftUpdateCheck = 1010;
				LastUpgradeCheck = 1010;
				ORGANIZATIONNAME = "Bartłomiej Świerad";
				TargetAttributes = {
					8A56D34921E7C0450021D0EF = {
						CreatedOnToolsVersion = 10.1;
					};
					8A56D35D21E7C0480021D0EF = {
						CreatedOnToolsVersion = 10.1;
						TestTargetID = 8A56D34921E7C0450021D0EF;
					};
				};
			};
			buildConfigurationList = 8A56D34521E7C0450021D0EF /* Build configuration list for PBXProject "RomanNumeralConverter" */;
			compatibilityVersion = "Xcode 9.3";
			developmentRegion = en;
			hasScannedForEncodings = 0;
			knownRegions = (
				en,
				Base,
			);
			mainGroup = 8A56D34121E7C0450021D0EF;
			productRefGroup = 8A56D34B21E7C0450021D0EF /* Products */;
			projectDirPath = "";
			projectRoot = "";
			targets = (
				8A56D34921E7C0450021D0EF /* RomanNumeralConverter */,
				8A56D35D21E7C0480021D0EF /* RomanNumeralConverterTests */,
			);
		};
/* End PBXProject section */

/* Begin PBXResourcesBuildPhase section */
		8A56D34821E7C0450021D0EF /* Resources */ = {
			isa = PBXResourcesBuildPhase;
			buildActionMask = 2147483647;
			files = (
				8A56D35821E7C0480021D0EF /* LaunchScreen.storyboard in Resources */,
				8A56D35521E7C0480021D0EF /* Assets.xcassets in Resources */,
				8A56D35321E7C0450021D0EF /* Main.storyboard in Resources */,
			);
			runOnlyForDeploymentPostprocessing = 0;
		};
		8A56D35C21E7C0480021D0EF /* Resources */ = {
			isa = PBXResourcesBuildPhase;
			buildActionMask = 2147483647;
			files = (
			);
			runOnlyForDeploymentPostprocessing = 0;
		};
/* End PBXResourcesBuildPhase section */

/* Begin PBXSourcesBuildPhase section */
		8A56D34621E7C0450021D0EF /* Sources */ = {
			isa = PBXSourcesBuildPhase;
			buildActionMask = 2147483647;
			files = (
				8A56D35021E7C0450021D0EF /* ViewController.swift in Sources */,
				8A56D34E21E7C0450021D0EF /* AppDelegate.swift in Sources */,
			);
			runOnlyForDeploymentPostprocessing = 0;
		};
		8A56D35A21E7C0480021D0EF /* Sources */ = {
			isa = PBXSourcesBuildPhase;
			buildActionMask = 2147483647;
			files = (
				8A56D36321E7C0480021D0EF /* RomanNumeralConverterTests.swift in Sources */,
			);
			runOnlyForDeploymentPostprocessing = 0;
		};
/* End PBXSourcesBuildPhase section */

/* Begin PBXTargetDependency section */
		8A56D36021E7C0480021D0EF /* PBXTargetDependency */ = {
			isa = PBXTargetDependency;
			target = 8A56D34921E7C0450021D0EF /* RomanNumeralConverter */;
			targetProxy = 8A56D35F21E7C0480021D0EF /* PBXContainerItemProxy */;
		};
/* End PBXTargetDependency section */

/* Begin PBXVariantGroup section */
		8A56D35121E7C0450021D0EF /* Main.storyboard */ = {
			isa = PBXVariantGroup;
			children = (
				8A56D35221E7C0450021D0EF /* Base */,
			);
			name = Main.storyboard;
			sourceTree = "<group>";
		};
		8A56D35621E7C0480021D0EF /* LaunchScreen.storyboard */ = {
			isa = PBXVariantGroup;
			children = (
				8A56D35721E7C0480021D0EF /* Base */,
			);
			name = LaunchScreen.storyboard;
			sourceTree = "<group>";
		};
/* End PBXVariantGroup section */

/* Begin XCBuildConfiguration section */
		8A56D36521E7C0480021D0EF /* Debug */ = {
			isa = XCBuildConfiguration;
			buildSettings = {
				ALWAYS_SEARCH_USER_PATHS = NO;
				CLANG_ANALYZER_NONNULL = YES;
				CLANG_ANALYZER_NUMBER_OBJECT_CONVERSION = YES_AGGRESSIVE;
				CLANG_CXX_LANGUAGE_STANDARD = "gnu++14";
				CLANG_CXX_LIBRARY = "libc++";
				CLANG_ENABLE_MODULES = YES;
				CLANG_ENABLE_OBJC_ARC = YES;
				CLANG_ENABLE_OBJC_WEAK = YES;
				CLANG_WARN_BLOCK_CAPTURE_AUTORELEASING = YES;
				CLANG_WARN_BOOL_CONVERSION = YES;
				CLANG_WARN_COMMA = YES;
				CLANG_WARN_CONSTANT_CONVERSION = YES;
				CLANG_WARN_DEPRECATED_OBJC_IMPLEMENTATIONS = YES;
				CLANG_WARN_DIRECT_OBJC_ISA_USAGE = YES_ERROR;
				CLANG_WARN_DOCUMENTATION_COMMENTS = YES;
				CLANG_WARN_EMPTY_BODY = YES;
				CLANG_WARN_ENUM_CONVERSION = YES;
				CLANG_WARN_INFINITE_RECURSION = YES;
				CLANG_WARN_INT_CONVERSION = YES;
				CLANG_WARN_NON_LITERAL_NULL_CONVERSION = YES;
				CLANG_WARN_OBJC_IMPLICIT_RETAIN_SELF = YES;
				CLANG_WARN_OBJC_LITERAL_CONVERSION = YES;
				CLANG_WARN_OBJC_ROOT_CLASS = YES_ERROR;
				CLANG_WARN_RANGE_LOOP_ANALYSIS = YES;
				CLANG_WARN_STRICT_PROTOTYPES = YES;
				CLANG_WARN_SUSPICIOUS_MOVE = YES;
				CLANG_WARN_UNGUARDED_AVAILABILITY = YES_AGGRESSIVE;
				CLANG_WARN_UNREACHABLE_CODE = YES;
				CLANG_WARN__DUPLICATE_METHOD_MATCH = YES;
				CODE_SIGN_IDENTITY = "iPhone Developer";
				COPY_PHASE_STRIP = NO;
				DEBUG_INFORMATION_FORMAT = dwarf;
				ENABLE_STRICT_OBJC_MSGSEND = YES;
				ENABLE_TESTABILITY = YES;
				GCC_C_LANGUAGE_STANDARD = gnu11;
				GCC_DYNAMIC_NO_PIC = NO;
				GCC_NO_COMMON_BLOCKS = YES;
				GCC_OPTIMIZATION_LEVEL = 0;
				GCC_PREPROCESSOR_DEFINITIONS = (
					"DEBUG=1",
					"$(inherited)",
				);
				GCC_WARN_64_TO_32_BIT_CONVERSION = YES;
				GCC_WARN_ABOUT_RETURN_TYPE = YES_ERROR;
				GCC_WARN_UNDECLARED_SELECTOR = YES;
				GCC_WARN_UNINITIALIZED_AUTOS = YES_AGGRESSIVE;
				GCC_WARN_UNUSED_FUNCTION = YES;
				GCC_WARN_UNUSED_VARIABLE = YES;
				IPHONEOS_DEPLOYMENT_TARGET = 12.1;
				MTL_ENABLE_DEBUG_INFO = INCLUDE_SOURCE;
				MTL_FAST_MATH = YES;
				ONLY_ACTIVE_ARCH = YES;
				SDKROOT = iphoneos;
				SWIFT_ACTIVE_COMPILATION_CONDITIONS = DEBUG;
				SWIFT_OPTIMIZATION_LEVEL = "-Onone";
			};
			name = Debug;
		};
		8A56D36621E7C0480021D0EF /* Release */ = {
			isa = XCBuildConfiguration;
			buildSettings = {
				ALWAYS_SEARCH_USER_PATHS = NO;
				CLANG_ANALYZER_NONNULL = YES;
				CLANG_ANALYZER_NUMBER_OBJECT_CONVERSION = YES_AGGRESSIVE;
				CLANG_CXX_LANGUAGE_STANDARD = "gnu++14";
				CLANG_CXX_LIBRARY = "libc++";
				CLANG_ENABLE_MODULES = YES;
				CLANG_ENABLE_OBJC_ARC = YES;
				CLANG_ENABLE_OBJC_WEAK = YES;
				CLANG_WARN_BLOCK_CAPTURE_AUTORELEASING = YES;
				CLANG_WARN_BOOL_CONVERSION = YES;
				CLANG_WARN_COMMA = YES;
				CLANG_WARN_CONSTANT_CONVERSION = YES;
				CLANG_WARN_DEPRECATED_OBJC_IMPLEMENTATIONS = YES;
				CLANG_WARN_DIRECT_OBJC_ISA_USAGE = YES_ERROR;
				CLANG_WARN_DOCUMENTATION_COMMENTS = YES;
				CLANG_WARN_EMPTY_BODY = YES;
				CLANG_WARN_ENUM_CONVERSION = YES;
				CLANG_WARN_INFINITE_RECURSION = YES;
				CLANG_WARN_INT_CONVERSION = YES;
				CLANG_WARN_NON_LITERAL_NULL_CONVERSION = YES;
				CLANG_WARN_OBJC_IMPLICIT_RETAIN_SELF = YES;
				CLANG_WARN_OBJC_LITERAL_CONVERSION = YES;
				CLANG_WARN_OBJC_ROOT_CLASS = YES_ERROR;
				CLANG_WARN_RANGE_LOOP_ANALYSIS = YES;
				CLANG_WARN_STRICT_PROTOTYPES = YES;
				CLANG_WARN_SUSPICIOUS_MOVE = YES;
				CLANG_WARN_UNGUARDED_AVAILABILITY = YES_AGGRESSIVE;
				CLANG_WARN_UNREACHABLE_CODE = YES;
				CLANG_WARN__DUPLICATE_METHOD_MATCH = YES;
				CODE_SIGN_IDENTITY = "iPhone Developer";
				COPY_PHASE_STRIP = NO;
				DEBUG_INFORMATION_FORMAT = "dwarf-with-dsym";
				ENABLE_NS_ASSERTIONS = NO;
				ENABLE_STRICT_OBJC_MSGSEND = YES;
				GCC_C_LANGUAGE_STANDARD = gnu11;
				GCC_NO_COMMON_BLOCKS = YES;
				GCC_WARN_64_TO_32_BIT_CONVERSION = YES;
				GCC_WARN_ABOUT_RETURN_TYPE = YES_ERROR;
				GCC_WARN_UNDECLARED_SELECTOR = YES;
				GCC_WARN_UNINITIALIZED_AUTOS = YES_AGGRESSIVE;
				GCC_WARN_UNUSED_FUNCTION = YES;
				GCC_WARN_UNUSED_VARIABLE = YES;
				IPHONEOS_DEPLOYMENT_TARGET = 12.1;
				MTL_ENABLE_DEBUG_INFO = NO;
				MTL_FAST_MATH = YES;
				SDKROOT = iphoneos;
				SWIFT_COMPILATION_MODE = wholemodule;
				SWIFT_OPTIMIZATION_LEVEL = "-O";
				VALIDATE_PRODUCT = YES;
			};
			name = Release;
		};
		8A56D36821E7C0480021D0EF /* Debug */ = {
			isa = XCBuildConfiguration;
			buildSettings = {
				ASSETCATALOG_COMPILER_APPICON_NAME = AppIcon;
				CODE_SIGN_STYLE = Automatic;
				INFOPLIST_FILE = RomanNumeralConverter/Info.plist;
				LD_RUNPATH_SEARCH_PATHS = (
					"$(inherited)",
					"@executable_path/Frameworks",
				);
				PRODUCT_BUNDLE_IDENTIFIER = com.sprzenus.RomanNumeralConverter;
				PRODUCT_NAME = "$(TARGET_NAME)";
				SWIFT_VERSION = 4.2;
				TARGETED_DEVICE_FAMILY = "1,2";
			};
			name = Debug;
		};
		8A56D36921E7C0480021D0EF /* Release */ = {
			isa = XCBuildConfiguration;
			buildSettings = {
				ASSETCATALOG_COMPILER_APPICON_NAME = AppIcon;
				CODE_SIGN_STYLE = Automatic;
				INFOPLIST_FILE = RomanNumeralConverter/Info.plist;
				LD_RUNPATH_SEARCH_PATHS = (
					"$(inherited)",
					"@executable_path/Frameworks",
				);
				PRODUCT_BUNDLE_IDENTIFIER = com.sprzenus.RomanNumeralConverter;
				PRODUCT_NAME = "$(TARGET_NAME)";
				SWIFT_VERSION = 4.2;
				TARGETED_DEVICE_FAMILY = "1,2";
			};
			name = Release;
		};
		8A56D36B21E7C0480021D0EF /* Debug */ = {
			isa = XCBuildConfiguration;
			buildSettings = {
				ALWAYS_EMBED_SWIFT_STANDARD_LIBRARIES = YES;
				BUNDLE_LOADER = "$(TEST_HOST)";
				CODE_SIGN_STYLE = Automatic;
				INFOPLIST_FILE = RomanNumeralConverterTests/Info.plist;
				LD_RUNPATH_SEARCH_PATHS = (
					"$(inherited)",
					"@executable_path/Frameworks",
					"@loader_path/Frameworks",
				);
				PRODUCT_BUNDLE_IDENTIFIER = com.sprzenus.RomanNumeralConverterTests;
				PRODUCT_NAME = "$(TARGET_NAME)";
				SWIFT_VERSION = 4.2;
				TARGETED_DEVICE_FAMILY = "1,2";
				TEST_HOST = "$(BUILT_PRODUCTS_DIR)/RomanNumeralConverter.app/RomanNumeralConverter";
			};
			name = Debug;
		};
		8A56D36C21E7C0480021D0EF /* Release */ = {
			isa = XCBuildConfiguration;
			buildSettings = {
				ALWAYS_EMBED_SWIFT_STANDARD_LIBRARIES = YES;
				BUNDLE_LOADER = "$(TEST_HOST)";
				CODE_SIGN_STYLE = Automatic;
				INFOPLIST_FILE = RomanNumeralConverterTests/Info.plist;
				LD_RUNPATH_SEARCH_PATHS = (
					"$(inherited)",
					"@executable_path/Frameworks",
					"@loader_path/Frameworks",
				);
				PRODUCT_BUNDLE_IDENTIFIER = com.sprzenus.RomanNumeralConverterTests;
				PRODUCT_NAME = "$(TARGET_NAME)";
				SWIFT_VERSION = 4.2;
				TARGETED_DEVICE_FAMILY = "1,2";
				TEST_HOST = "$(BUILT_PRODUCTS_DIR)/RomanNumeralConverter.app/RomanNumeralConverter";
			};
			name = Release;
		};
/* End XCBuildConfiguration section */

/* Begin XCConfigurationList section */
		8A56D34521E7C0450021D0EF /* Build configuration list for PBXProject "RomanNumeralConverter" */ = {
			isa = XCConfigurationList;
			buildConfigurations = (
				8A56D36521E7C0480021D0EF /* Debug */,
				8A56D36621E7C0480021D0EF /* Release */,
			);
			defaultConfigurationIsVisible = 0;
			defaultConfigurationName = Release;
		};
		8A56D36721E7C0480021D0EF /* Build configuration list for PBXNativeTarget "RomanNumeralConverter" */ = {
			isa = XCConfigurationList;
			buildConfigurations = (
				8A56D36821E7C0480021D0EF /* Debug */,
				8A56D36921E7C0480021D0EF /* Release */,
			);
			defaultConfigurationIsVisible = 0;
			defaultConfigurationName = Release;
		};
		8A56D36A21E7C0480021D0EF /* Build configuration list for PBXNativeTarget "RomanNumeralConverterTests" */ = {
			isa = XCConfigurationList;
			buildConfigurations = (
				8A56D36B21E7C0480021D0EF /* Debug */,
				8A56D36C21E7C0480021D0EF /* Release */,
			);
			defaultConfigurationIsVisible = 0;
			defaultConfigurationName = Release;
		};
/* End XCConfigurationList section */
	};
	rootObject = 8A56D34221E7C0450021D0EF /* Project object */;
}
